// !$*UTF8*$!
{
	archiveVersion = 1;
	classes = {
	};
	objectVersion = 56;
	objects = {

/* Begin PBXBuildFile section */
		3BA857632955FB7400847783 /* AppDelegate.swift in Sources */ = {isa = PBXBuildFile; fileRef = 3BA857622955FB7400847783 /* AppDelegate.swift */; };
		3BA857652955FB7400847783 /* SceneDelegate.swift in Sources */ = {isa = PBXBuildFile; fileRef = 3BA857642955FB7400847783 /* SceneDelegate.swift */; };
		3BA857672955FB7400847783 /* ViewController.swift in Sources */ = {isa = PBXBuildFile; fileRef = 3BA857662955FB7400847783 /* ViewController.swift */; };
		3BA8576A2955FB7400847783 /* Main.storyboard in Resources */ = {isa = PBXBuildFile; fileRef = 3BA857682955FB7400847783 /* Main.storyboard */; };
		3BA8576C2955FB7700847783 /* Assets.xcassets in Resources */ = {isa = PBXBuildFile; fileRef = 3BA8576B2955FB7700847783 /* Assets.xcassets */; };
		3BA8576F2955FB7700847783 /* LaunchScreen.storyboard in Resources */ = {isa = PBXBuildFile; fileRef = 3BA8576D2955FB7700847783 /* LaunchScreen.storyboard */; };
		3BA8577A2955FB7700847783 /* Coding_ChallengeTests.swift in Sources */ = {isa = PBXBuildFile; fileRef = 3BA857792955FB7700847783 /* Coding_ChallengeTests.swift */; };
		3BA857842955FB7700847783 /* Coding_ChallengeUITests.swift in Sources */ = {isa = PBXBuildFile; fileRef = 3BA857832955FB7700847783 /* Coding_ChallengeUITests.swift */; };
		3BA857862955FB7700847783 /* Coding_ChallengeUITestsLaunchTests.swift in Sources */ = {isa = PBXBuildFile; fileRef = 3BA857852955FB7700847783 /* Coding_ChallengeUITestsLaunchTests.swift */; };
/* End PBXBuildFile section */

/* Begin PBXContainerItemProxy section */
		3BA857762955FB7700847783 /* PBXContainerItemProxy */ = {
			isa = PBXContainerItemProxy;
			containerPortal = 3BA857572955FB7400847783 /* Project object */;
			proxyType = 1;
			remoteGlobalIDString = 3BA8575E2955FB7400847783;
			remoteInfo = "Coding-Challenge";
		};
		3BA857802955FB7700847783 /* PBXContainerItemProxy */ = {
			isa = PBXContainerItemProxy;
			containerPortal = 3BA857572955FB7400847783 /* Project object */;
			proxyType = 1;
			remoteGlobalIDString = 3BA8575E2955FB7400847783;
			remoteInfo = "Coding-Challenge";
		};
/* End PBXContainerItemProxy section */

/* Begin PBXFileReference section */
		3BA8575F2955FB7400847783 /* Coding-Challenge.app */ = {isa = PBXFileReference; explicitFileType = wrapper.application; includeInIndex = 0; path = "Coding-Challenge.app"; sourceTree = BUILT_PRODUCTS_DIR; };
		3BA857622955FB7400847783 /* AppDelegate.swift */ = {isa = PBXFileReference; lastKnownFileType = sourcecode.swift; path = AppDelegate.swift; sourceTree = "<group>"; };
		3BA857642955FB7400847783 /* SceneDelegate.swift */ = {isa = PBXFileReference; lastKnownFileType = sourcecode.swift; path = SceneDelegate.swift; sourceTree = "<group>"; };
		3BA857662955FB7400847783 /* ViewController.swift */ = {isa = PBXFileReference; lastKnownFileType = sourcecode.swift; path = ViewController.swift; sourceTree = "<group>"; };
		3BA857692955FB7400847783 /* Base */ = {isa = PBXFileReference; lastKnownFileType = file.storyboard; name = Base; path = Base.lproj/Main.storyboard; sourceTree = "<group>"; };
		3BA8576B2955FB7700847783 /* Assets.xcassets */ = {isa = PBXFileReference; lastKnownFileType = folder.assetcatalog; path = Assets.xcassets; sourceTree = "<group>"; };
		3BA8576E2955FB7700847783 /* Base */ = {isa = PBXFileReference; lastKnownFileType = file.storyboard; name = Base; path = Base.lproj/LaunchScreen.storyboard; sourceTree = "<group>"; };
		3BA857702955FB7700847783 /* Info.plist */ = {isa = PBXFileReference; lastKnownFileType = text.plist.xml; path = Info.plist; sourceTree = "<group>"; };
		3BA857752955FB7700847783 /* Coding-ChallengeTests.xctest */ = {isa = PBXFileReference; explicitFileType = wrapper.cfbundle; includeInIndex = 0; path = "Coding-ChallengeTests.xctest"; sourceTree = BUILT_PRODUCTS_DIR; };
		3BA857792955FB7700847783 /* Coding_ChallengeTests.swift */ = {isa = PBXFileReference; lastKnownFileType = sourcecode.swift; path = Coding_ChallengeTests.swift; sourceTree = "<group>"; };
		3BA8577F2955FB7700847783 /* Coding-ChallengeUITests.xctest */ = {isa = PBXFileReference; explicitFileType = wrapper.cfbundle; includeInIndex = 0; path = "Coding-ChallengeUITests.xctest"; sourceTree = BUILT_PRODUCTS_DIR; };
		3BA857832955FB7700847783 /* Coding_ChallengeUITests.swift */ = {isa = PBXFileReference; lastKnownFileType = sourcecode.swift; path = Coding_ChallengeUITests.swift; sourceTree = "<group>"; };
		3BA857852955FB7700847783 /* Coding_ChallengeUITestsLaunchTests.swift */ = {isa = PBXFileReference; lastKnownFileType = sourcecode.swift; path = Coding_ChallengeUITestsLaunchTests.swift; sourceTree = "<group>"; };
/* End PBXFileReference section */

/* Begin PBXFrameworksBuildPhase section */
		3BA8575C2955FB7400847783 /* Frameworks */ = {
			isa = PBXFrameworksBuildPhase;
			buildActionMask = 2147483647;
			files = (
			);
			runOnlyForDeploymentPostprocessing = 0;
		};
		3BA857722955FB7700847783 /* Frameworks */ = {
			isa = PBXFrameworksBuildPhase;
			buildActionMask = 2147483647;
			files = (
			);
			runOnlyForDeploymentPostprocessing = 0;
		};
		3BA8577C2955FB7700847783 /* Frameworks */ = {
			isa = PBXFrameworksBuildPhase;
			buildActionMask = 2147483647;
			files = (
			);
			runOnlyForDeploymentPostprocessing = 0;
		};
/* End PBXFrameworksBuildPhase section */

/* Begin PBXGroup section */
		3BA857562955FB7400847783 = {
			isa = PBXGroup;
			children = (
				3BA857612955FB7400847783 /* Coding-Challenge */,
				3BA857782955FB7700847783 /* Coding-ChallengeTests */,
				3BA857822955FB7700847783 /* Coding-ChallengeUITests */,
				3BA857602955FB7400847783 /* Products */,
			);
			sourceTree = "<group>";
		};
		3BA857602955FB7400847783 /* Products */ = {
			isa = PBXGroup;
			children = (
				3BA8575F2955FB7400847783 /* Coding-Challenge.app */,
				3BA857752955FB7700847783 /* Coding-ChallengeTests.xctest */,
				3BA8577F2955FB7700847783 /* Coding-ChallengeUITests.xctest */,
			);
			name = Products;
			sourceTree = "<group>";
		};
		3BA857612955FB7400847783 /* Coding-Challenge */ = {
			isa = PBXGroup;
			children = (
				3BA857622955FB7400847783 /* AppDelegate.swift */,
				3BA857642955FB7400847783 /* SceneDelegate.swift */,
				3BA857662955FB7400847783 /* ViewController.swift */,
				3BA857682955FB7400847783 /* Main.storyboard */,
				3BA8576B2955FB7700847783 /* Assets.xcassets */,
				3BA8576D2955FB7700847783 /* LaunchScreen.storyboard */,
				3BA857702955FB7700847783 /* Info.plist */,
			);
			path = "Coding-Challenge";
			sourceTree = "<group>";
		};
		3BA857782955FB7700847783 /* Coding-ChallengeTests */ = {
			isa = PBXGroup;
			children = (
				3BA857792955FB7700847783 /* Coding_ChallengeTests.swift */,
			);
			path = "Coding-ChallengeTests";
			sourceTree = "<group>";
		};
		3BA857822955FB7700847783 /* Coding-ChallengeUITests */ = {
			isa = PBXGroup;
			children = (
				3BA857832955FB7700847783 /* Coding_ChallengeUITests.swift */,
				3BA857852955FB7700847783 /* Coding_ChallengeUITestsLaunchTests.swift */,
			);
			path = "Coding-ChallengeUITests";
			sourceTree = "<group>";
		};
/* End PBXGroup section */

/* Begin PBXNativeTarget section */
		3BA8575E2955FB7400847783 /* Coding-Challenge */ = {
			isa = PBXNativeTarget;
			buildConfigurationList = 3BA857892955FB7700847783 /* Build configuration list for PBXNativeTarget "Coding-Challenge" */;
			buildPhases = (
				3BA8575B2955FB7400847783 /* Sources */,
				3BA8575C2955FB7400847783 /* Frameworks */,
				3BA8575D2955FB7400847783 /* Resources */,
			);
			buildRules = (
			);
			dependencies = (
			);
			name = "Coding-Challenge";
			productName = "Coding-Challenge";
			productReference = 3BA8575F2955FB7400847783 /* Coding-Challenge.app */;
			productType = "com.apple.product-type.application";
		};
		3BA857742955FB7700847783 /* Coding-ChallengeTests */ = {
			isa = PBXNativeTarget;
			buildConfigurationList = 3BA8578C2955FB7700847783 /* Build configuration list for PBXNativeTarget "Coding-ChallengeTests" */;
			buildPhases = (
				3BA857712955FB7700847783 /* Sources */,
				3BA857722955FB7700847783 /* Frameworks */,
				3BA857732955FB7700847783 /* Resources */,
			);
			buildRules = (
			);
			dependencies = (
				3BA857772955FB7700847783 /* PBXTargetDependency */,
			);
			name = "Coding-ChallengeTests";
			productName = "Coding-ChallengeTests";
			productReference = 3BA857752955FB7700847783 /* Coding-ChallengeTests.xctest */;
			productType = "com.apple.product-type.bundle.unit-test";
		};
		3BA8577E2955FB7700847783 /* Coding-ChallengeUITests */ = {
			isa = PBXNativeTarget;
			buildConfigurationList = 3BA8578F2955FB7700847783 /* Build configuration list for PBXNativeTarget "Coding-ChallengeUITests" */;
			buildPhases = (
				3BA8577B2955FB7700847783 /* Sources */,
				3BA8577C2955FB7700847783 /* Frameworks */,
				3BA8577D2955FB7700847783 /* Resources */,
			);
			buildRules = (
			);
			dependencies = (
				3BA857812955FB7700847783 /* PBXTargetDependency */,
			);
			name = "Coding-ChallengeUITests";
			productName = "Coding-ChallengeUITests";
			productReference = 3BA8577F2955FB7700847783 /* Coding-ChallengeUITests.xctest */;
			productType = "com.apple.product-type.bundle.ui-testing";
		};
/* End PBXNativeTarget section */

/* Begin PBXProject section */
		3BA857572955FB7400847783 /* Project object */ = {
			isa = PBXProject;
			attributes = {
				BuildIndependentTargetsInParallel = 1;
				LastSwiftUpdateCheck = 1400;
				LastUpgradeCheck = 1400;
				TargetAttributes = {
					3BA8575E2955FB7400847783 = {
						CreatedOnToolsVersion = 14.0;
					};
					3BA857742955FB7700847783 = {
						CreatedOnToolsVersion = 14.0;
						TestTargetID = 3BA8575E2955FB7400847783;
					};
					3BA8577E2955FB7700847783 = {
						CreatedOnToolsVersion = 14.0;
						TestTargetID = 3BA8575E2955FB7400847783;
					};
				};
			};
			buildConfigurationList = 3BA8575A2955FB7400847783 /* Build configuration list for PBXProject "Coding-Challenge" */;
			compatibilityVersion = "Xcode 14.0";
			developmentRegion = en;
			hasScannedForEncodings = 0;
			knownRegions = (
				en,
				Base,
			);
			mainGroup = 3BA857562955FB7400847783;
			productRefGroup = 3BA857602955FB7400847783 /* Products */;
			projectDirPath = "";
			projectRoot = "";
			targets = (
				3BA8575E2955FB7400847783 /* Coding-Challenge */,
				3BA857742955FB7700847783 /* Coding-ChallengeTests */,
				3BA8577E2955FB7700847783 /* Coding-ChallengeUITests */,
			);
		};
/* End PBXProject section */

/* Begin PBXResourcesBuildPhase section */
		3BA8575D2955FB7400847783 /* Resources */ = {
			isa = PBXResourcesBuildPhase;
			buildActionMask = 2147483647;
			files = (
				3BA8576F2955FB7700847783 /* LaunchScreen.storyboard in Resources */,
				3BA8576C2955FB7700847783 /* Assets.xcassets in Resources */,
				3BA8576A2955FB7400847783 /* Main.storyboard in Resources */,
			);
			runOnlyForDeploymentPostprocessing = 0;
		};
		3BA857732955FB7700847783 /* Resources */ = {
			isa = PBXResourcesBuildPhase;
			buildActionMask = 2147483647;
			files = (
			);
			runOnlyForDeploymentPostprocessing = 0;
		};
		3BA8577D2955FB7700847783 /* Resources */ = {
			isa = PBXResourcesBuildPhase;
			buildActionMask = 2147483647;
			files = (
			);
			runOnlyForDeploymentPostprocessing = 0;
		};
/* End PBXResourcesBuildPhase section */

/* Begin PBXSourcesBuildPhase section */
		3BA8575B2955FB7400847783 /* Sources */ = {
			isa = PBXSourcesBuildPhase;
			buildActionMask = 2147483647;
			files = (
				3BA857672955FB7400847783 /* ViewController.swift in Sources */,
				3BA857632955FB7400847783 /* AppDelegate.swift in Sources */,
				3BA857652955FB7400847783 /* SceneDelegate.swift in Sources */,
			);
			runOnlyForDeploymentPostprocessing = 0;
		};
		3BA857712955FB7700847783 /* Sources */ = {
			isa = PBXSourcesBuildPhase;
			buildActionMask = 2147483647;
			files = (
				3BA8577A2955FB7700847783 /* Coding_ChallengeTests.swift in Sources */,
			);
			runOnlyForDeploymentPostprocessing = 0;
		};
		3BA8577B2955FB7700847783 /* Sources */ = {
			isa = PBXSourcesBuildPhase;
			buildActionMask = 2147483647;
			files = (
				3BA857862955FB7700847783 /* Coding_ChallengeUITestsLaunchTests.swift in Sources */,
				3BA857842955FB7700847783 /* Coding_ChallengeUITests.swift in Sources */,
			);
			runOnlyForDeploymentPostprocessing = 0;
		};
/* End PBXSourcesBuildPhase section */

/* Begin PBXTargetDependency section */
		3BA857772955FB7700847783 /* PBXTargetDependency */ = {
			isa = PBXTargetDependency;
			target = 3BA8575E2955FB7400847783 /* Coding-Challenge */;
			targetProxy = 3BA857762955FB7700847783 /* PBXContainerItemProxy */;
		};
		3BA857812955FB7700847783 /* PBXTargetDependency */ = {
			isa = PBXTargetDependency;
			target = 3BA8575E2955FB7400847783 /* Coding-Challenge */;
			targetProxy = 3BA857802955FB7700847783 /* PBXContainerItemProxy */;
		};
/* End PBXTargetDependency section */

/* Begin PBXVariantGroup section */
		3BA857682955FB7400847783 /* Main.storyboard */ = {
			isa = PBXVariantGroup;
			children = (
				3BA857692955FB7400847783 /* Base */,
			);
			name = Main.storyboard;
			sourceTree = "<group>";
		};
		3BA8576D2955FB7700847783 /* LaunchScreen.storyboard */ = {
			isa = PBXVariantGroup;
			children = (
				3BA8576E2955FB7700847783 /* Base */,
			);
			name = LaunchScreen.storyboard;
			sourceTree = "<group>";
		};
/* End PBXVariantGroup section */

/* Begin XCBuildConfiguration section */
		3BA857872955FB7700847783 /* Debug */ = {
			isa = XCBuildConfiguration;
			buildSettings = {
				ALWAYS_SEARCH_USER_PATHS = NO;
				CLANG_ANALYZER_NONNULL = YES;
				CLANG_ANALYZER_NUMBER_OBJECT_CONVERSION = YES_AGGRESSIVE;
				CLANG_CXX_LANGUAGE_STANDARD = "gnu++20";
				CLANG_ENABLE_MODULES = YES;
				CLANG_ENABLE_OBJC_ARC = YES;
				CLANG_ENABLE_OBJC_WEAK = YES;
				CLANG_WARN_BLOCK_CAPTURE_AUTORELEASING = YES;
				CLANG_WARN_BOOL_CONVERSION = YES;
				CLANG_WARN_COMMA = YES;
				CLANG_WARN_CONSTANT_CONVERSION = YES;
				CLANG_WARN_DEPRECATED_OBJC_IMPLEMENTATIONS = YES;
				CLANG_WARN_DIRECT_OBJC_ISA_USAGE = YES_ERROR;
				CLANG_WARN_DOCUMENTATION_COMMENTS = YES;
				CLANG_WARN_EMPTY_BODY = YES;
				CLANG_WARN_ENUM_CONVERSION = YES;
				CLANG_WARN_INFINITE_RECURSION = YES;
				CLANG_WARN_INT_CONVERSION = YES;
				CLANG_WARN_NON_LITERAL_NULL_CONVERSION = YES;
				CLANG_WARN_OBJC_IMPLICIT_RETAIN_SELF = YES;
				CLANG_WARN_OBJC_LITERAL_CONVERSION = YES;
				CLANG_WARN_OBJC_ROOT_CLASS = YES_ERROR;
				CLANG_WARN_QUOTED_INCLUDE_IN_FRAMEWORK_HEADER = YES;
				CLANG_WARN_RANGE_LOOP_ANALYSIS = YES;
				CLANG_WARN_STRICT_PROTOTYPES = YES;
				CLANG_WARN_SUSPICIOUS_MOVE = YES;
				CLANG_WARN_UNGUARDED_AVAILABILITY = YES_AGGRESSIVE;
				CLANG_WARN_UNREACHABLE_CODE = YES;
				CLANG_WARN__DUPLICATE_METHOD_MATCH = YES;
				COPY_PHASE_STRIP = NO;
				DEBUG_INFORMATION_FORMAT = dwarf;
				ENABLE_STRICT_OBJC_MSGSEND = YES;
				ENABLE_TESTABILITY = YES;
				GCC_C_LANGUAGE_STANDARD = gnu11;
				GCC_DYNAMIC_NO_PIC = NO;
				GCC_NO_COMMON_BLOCKS = YES;
				GCC_OPTIMIZATION_LEVEL = 0;
				GCC_PREPROCESSOR_DEFINITIONS = (
					"DEBUG=1",
					"$(inherited)",
				);
				GCC_WARN_64_TO_32_BIT_CONVERSION = YES;
				GCC_WARN_ABOUT_RETURN_TYPE = YES_ERROR;
				GCC_WARN_UNDECLARED_SELECTOR = YES;
				GCC_WARN_UNINITIALIZED_AUTOS = YES_AGGRESSIVE;
				GCC_WARN_UNUSED_FUNCTION = YES;
				GCC_WARN_UNUSED_VARIABLE = YES;
				IPHONEOS_DEPLOYMENT_TARGET = 16.0;
				MTL_ENABLE_DEBUG_INFO = INCLUDE_SOURCE;
				MTL_FAST_MATH = YES;
				ONLY_ACTIVE_ARCH = YES;
				SDKROOT = iphoneos;
				SWIFT_ACTIVE_COMPILATION_CONDITIONS = DEBUG;
				SWIFT_OPTIMIZATION_LEVEL = "-Onone";
			};
			name = Debug;
		};
		3BA857882955FB7700847783 /* Release */ = {
			isa = XCBuildConfiguration;
			buildSettings = {
				ALWAYS_SEARCH_USER_PATHS = NO;
				CLANG_ANALYZER_NONNULL = YES;
				CLANG_ANALYZER_NUMBER_OBJECT_CONVERSION = YES_AGGRESSIVE;
				CLANG_CXX_LANGUAGE_STANDARD = "gnu++20";
				CLANG_ENABLE_MODULES = YES;
				CLANG_ENABLE_OBJC_ARC = YES;
				CLANG_ENABLE_OBJC_WEAK = YES;
				CLANG_WARN_BLOCK_CAPTURE_AUTORELEASING = YES;
				CLANG_WARN_BOOL_CONVERSION = YES;
				CLANG_WARN_COMMA = YES;
				CLANG_WARN_CONSTANT_CONVERSION = YES;
				CLANG_WARN_DEPRECATED_OBJC_IMPLEMENTATIONS = YES;
				CLANG_WARN_DIRECT_OBJC_ISA_USAGE = YES_ERROR;
				CLANG_WARN_DOCUMENTATION_COMMENTS = YES;
				CLANG_WARN_EMPTY_BODY = YES;
				CLANG_WARN_ENUM_CONVERSION = YES;
				CLANG_WARN_INFINITE_RECURSION = YES;
				CLANG_WARN_INT_CONVERSION = YES;
				CLANG_WARN_NON_LITERAL_NULL_CONVERSION = YES;
				CLANG_WARN_OBJC_IMPLICIT_RETAIN_SELF = YES;
				CLANG_WARN_OBJC_LITERAL_CONVERSION = YES;
				CLANG_WARN_OBJC_ROOT_CLASS = YES_ERROR;
				CLANG_WARN_QUOTED_INCLUDE_IN_FRAMEWORK_HEADER = YES;
				CLANG_WARN_RANGE_LOOP_ANALYSIS = YES;
				CLANG_WARN_STRICT_PROTOTYPES = YES;
				CLANG_WARN_SUSPICIOUS_MOVE = YES;
				CLANG_WARN_UNGUARDED_AVAILABILITY = YES_AGGRESSIVE;
				CLANG_WARN_UNREACHABLE_CODE = YES;
				CLANG_WARN__DUPLICATE_METHOD_MATCH = YES;
				COPY_PHASE_STRIP = NO;
				DEBUG_INFORMATION_FORMAT = "dwarf-with-dsym";
				ENABLE_NS_ASSERTIONS = NO;
				ENABLE_STRICT_OBJC_MSGSEND = YES;
				GCC_C_LANGUAGE_STANDARD = gnu11;
				GCC_NO_COMMON_BLOCKS = YES;
				GCC_WARN_64_TO_32_BIT_CONVERSION = YES;
				GCC_WARN_ABOUT_RETURN_TYPE = YES_ERROR;
				GCC_WARN_UNDECLARED_SELECTOR = YES;
				GCC_WARN_UNINITIALIZED_AUTOS = YES_AGGRESSIVE;
				GCC_WARN_UNUSED_FUNCTION = YES;
				GCC_WARN_UNUSED_VARIABLE = YES;
				IPHONEOS_DEPLOYMENT_TARGET = 16.0;
				MTL_ENABLE_DEBUG_INFO = NO;
				MTL_FAST_MATH = YES;
				SDKROOT = iphoneos;
				SWIFT_COMPILATION_MODE = wholemodule;
				SWIFT_OPTIMIZATION_LEVEL = "-O";
				VALIDATE_PRODUCT = YES;
			};
			name = Release;
		};
		3BA8578A2955FB7700847783 /* Debug */ = {
			isa = XCBuildConfiguration;
			buildSettings = {
				ASSETCATALOG_COMPILER_APPICON_NAME = AppIcon;
				ASSETCATALOG_COMPILER_GLOBAL_ACCENT_COLOR_NAME = AccentColor;
				CODE_SIGN_STYLE = Automatic;
				CURRENT_PROJECT_VERSION = 1;
				DEVELOPMENT_TEAM = 63T99KDUV2;
				GENERATE_INFOPLIST_FILE = YES;
				INFOPLIST_FILE = "Coding-Challenge/Info.plist";
				INFOPLIST_KEY_UIApplicationSupportsIndirectInputEvents = YES;
				INFOPLIST_KEY_UILaunchStoryboardName = LaunchScreen;
				INFOPLIST_KEY_UIMainStoryboardFile = Main;
				INFOPLIST_KEY_UISupportedInterfaceOrientations_iPad = "UIInterfaceOrientationPortrait UIInterfaceOrientationPortraitUpsideDown UIInterfaceOrientationLandscapeLeft UIInterfaceOrientationLandscapeRight";
				INFOPLIST_KEY_UISupportedInterfaceOrientations_iPhone = "UIInterfaceOrientationPortrait UIInterfaceOrientationLandscapeLeft UIInterfaceOrientationLandscapeRight";
				LD_RUNPATH_SEARCH_PATHS = (
					"$(inherited)",
					"@executable_path/Frameworks",
				);
				MARKETING_VERSION = 1.0;
				PRODUCT_BUNDLE_IDENTIFIER = "Coding-Challenge.Coding-ChallengeApplaudo.Coding-Challenge";
				PRODUCT_NAME = "$(TARGET_NAME)";
				SWIFT_EMIT_LOC_STRINGS = YES;
				SWIFT_VERSION = 5.0;
				TARGETED_DEVICE_FAMILY = "1,2";
			};
			name = Debug;
		};
		3BA8578B2955FB7700847783 /* Release */ = {
			isa = XCBuildConfiguration;
			buildSettings = {
				ASSETCATALOG_COMPILER_APPICON_NAME = AppIcon;
				ASSETCATALOG_COMPILER_GLOBAL_ACCENT_COLOR_NAME = AccentColor;
				CODE_SIGN_STYLE = Automatic;
				CURRENT_PROJECT_VERSION = 1;
				DEVELOPMENT_TEAM = 63T99KDUV2;
				GENERATE_INFOPLIST_FILE = YES;
				INFOPLIST_FILE = "Coding-Challenge/Info.plist";
				INFOPLIST_KEY_UIApplicationSupportsIndirectInputEvents = YES;
				INFOPLIST_KEY_UILaunchStoryboardName = LaunchScreen;
				INFOPLIST_KEY_UIMainStoryboardFile = Main;
				INFOPLIST_KEY_UISupportedInterfaceOrientations_iPad = "UIInterfaceOrientationPortrait UIInterfaceOrientationPortraitUpsideDown UIInterfaceOrientationLandscapeLeft UIInterfaceOrientationLandscapeRight";
				INFOPLIST_KEY_UISupportedInterfaceOrientations_iPhone = "UIInterfaceOrientationPortrait UIInterfaceOrientationLandscapeLeft UIInterfaceOrientationLandscapeRight";
				LD_RUNPATH_SEARCH_PATHS = (
					"$(inherited)",
					"@executable_path/Frameworks",
				);
				MARKETING_VERSION = 1.0;
				PRODUCT_BUNDLE_IDENTIFIER = "Coding-Challenge.Coding-ChallengeApplaudo.Coding-Challenge";
				PRODUCT_NAME = "$(TARGET_NAME)";
				SWIFT_EMIT_LOC_STRINGS = YES;
				SWIFT_VERSION = 5.0;
				TARGETED_DEVICE_FAMILY = "1,2";
			};
			name = Release;
		};
		3BA8578D2955FB7700847783 /* Debug */ = {
			isa = XCBuildConfiguration;
			buildSettings = {
				ALWAYS_EMBED_SWIFT_STANDARD_LIBRARIES = YES;
				BUNDLE_LOADER = "$(TEST_HOST)";
				CODE_SIGN_STYLE = Automatic;
				CURRENT_PROJECT_VERSION = 1;
				DEVELOPMENT_TEAM = 63T99KDUV2;
				GENERATE_INFOPLIST_FILE = YES;
				IPHONEOS_DEPLOYMENT_TARGET = 16.0;
				MARKETING_VERSION = 1.0;
				PRODUCT_BUNDLE_IDENTIFIER = "Coding-Challenge.Coding-ChallengeApplaudo.Coding-ChallengeTests";
				PRODUCT_NAME = "$(TARGET_NAME)";
				SWIFT_EMIT_LOC_STRINGS = NO;
				SWIFT_VERSION = 5.0;
				TARGETED_DEVICE_FAMILY = "1,2";
				TEST_HOST = "$(BUILT_PRODUCTS_DIR)/Coding-Challenge.app/$(BUNDLE_EXECUTABLE_FOLDER_PATH)/Coding-Challenge";
			};
			name = Debug;
		};
		3BA8578E2955FB7700847783 /* Release */ = {
			isa = XCBuildConfiguration;
			buildSettings = {
				ALWAYS_EMBED_SWIFT_STANDARD_LIBRARIES = YES;
				BUNDLE_LOADER = "$(TEST_HOST)";
				CODE_SIGN_STYLE = Automatic;
				CURRENT_PROJECT_VERSION = 1;
				DEVELOPMENT_TEAM = 63T99KDUV2;
				GENERATE_INFOPLIST_FILE = YES;
				IPHONEOS_DEPLOYMENT_TARGET = 16.0;
				MARKETING_VERSION = 1.0;
				PRODUCT_BUNDLE_IDENTIFIER = "Coding-Challenge.Coding-ChallengeApplaudo.Coding-ChallengeTests";
				PRODUCT_NAME = "$(TARGET_NAME)";
				SWIFT_EMIT_LOC_STRINGS = NO;
				SWIFT_VERSION = 5.0;
				TARGETED_DEVICE_FAMILY = "1,2";
				TEST_HOST = "$(BUILT_PRODUCTS_DIR)/Coding-Challenge.app/$(BUNDLE_EXECUTABLE_FOLDER_PATH)/Coding-Challenge";
			};
			name = Release;
		};
		3BA857902955FB7700847783 /* Debug */ = {
			isa = XCBuildConfiguration;
			buildSettings = {
				ALWAYS_EMBED_SWIFT_STANDARD_LIBRARIES = YES;
				CODE_SIGN_STYLE = Automatic;
				CURRENT_PROJECT_VERSION = 1;
				DEVELOPMENT_TEAM = 63T99KDUV2;
				GENERATE_INFOPLIST_FILE = YES;
				MARKETING_VERSION = 1.0;
				PRODUCT_BUNDLE_IDENTIFIER = "Coding-Challenge.Coding-ChallengeApplaudo.Coding-ChallengeUITests";
				PRODUCT_NAME = "$(TARGET_NAME)";
				SWIFT_EMIT_LOC_STRINGS = NO;
				SWIFT_VERSION = 5.0;
				TARGETED_DEVICE_FAMILY = "1,2";
				TEST_TARGET_NAME = "Coding-Challenge";
			};
			name = Debug;
		};
		3BA857912955FB7700847783 /* Release */ = {
			isa = XCBuildConfiguration;
			buildSettings = {
				ALWAYS_EMBED_SWIFT_STANDARD_LIBRARIES = YES;
				CODE_SIGN_STYLE = Automatic;
				CURRENT_PROJECT_VERSION = 1;
				DEVELOPMENT_TEAM = 63T99KDUV2;
				GENERATE_INFOPLIST_FILE = YES;
				MARKETING_VERSION = 1.0;
				PRODUCT_BUNDLE_IDENTIFIER = "Coding-Challenge.Coding-ChallengeApplaudo.Coding-ChallengeUITests";
				PRODUCT_NAME = "$(TARGET_NAME)";
				SWIFT_EMIT_LOC_STRINGS = NO;
				SWIFT_VERSION = 5.0;
				TARGETED_DEVICE_FAMILY = "1,2";
				TEST_TARGET_NAME = "Coding-Challenge";
			};
			name = Release;
		};
/* End XCBuildConfiguration section */

/* Begin XCConfigurationList section */
		3BA8575A2955FB7400847783 /* Build configuration list for PBXProject "Coding-Challenge" */ = {
			isa = XCConfigurationList;
			buildConfigurations = (
				3BA857872955FB7700847783 /* Debug */,
				3BA857882955FB7700847783 /* Release */,
			);
			defaultConfigurationIsVisible = 0;
			defaultConfigurationName = Release;
		};
		3BA857892955FB7700847783 /* Build configuration list for PBXNativeTarget "Coding-Challenge" */ = {
			isa = XCConfigurationList;
			buildConfigurations = (
				3BA8578A2955FB7700847783 /* Debug */,
				3BA8578B2955FB7700847783 /* Release */,
			);
			defaultConfigurationIsVisible = 0;
			defaultConfigurationName = Release;
		};
		3BA8578C2955FB7700847783 /* Build configuration list for PBXNativeTarget "Coding-ChallengeTests" */ = {
			isa = XCConfigurationList;
			buildConfigurations = (
				3BA8578D2955FB7700847783 /* Debug */,
				3BA8578E2955FB7700847783 /* Release */,
			);
			defaultConfigurationIsVisible = 0;
			defaultConfigurationName = Release;
		};
		3BA8578F2955FB7700847783 /* Build configuration list for PBXNativeTarget "Coding-ChallengeUITests" */ = {
			isa = XCConfigurationList;
			buildConfigurations = (
				3BA857902955FB7700847783 /* Debug */,
				3BA857912955FB7700847783 /* Release */,
			);
			defaultConfigurationIsVisible = 0;
			defaultConfigurationName = Release;
		};
/* End XCConfigurationList section */
	};
	rootObject = 3BA857572955FB7400847783 /* Project object */;
}
