// !$*UTF8*$!
{
	archiveVersion = 1;
	classes = {
	};
	objectVersion = 56;
	objects = {

/* Begin PBXBuildFile section */
		3BA7F5F4295996530099A448 /* ImageCache.swift in Sources */ = {isa = PBXBuildFile; fileRef = 3BA7F5F3295996530099A448 /* ImageCache.swift */; };
		3BA7F5FA295A49AE0099A448 /* DetailCoordinator.swift in Sources */ = {isa = PBXBuildFile; fileRef = 3BA7F5F9295A49AE0099A448 /* DetailCoordinator.swift */; };
		3BA7F5FF295A4A6B0099A448 /* TVShowDetailView.swift in Sources */ = {isa = PBXBuildFile; fileRef = 3BA7F5FE295A4A6B0099A448 /* TVShowDetailView.swift */; };
		3BA857632955FB7400847783 /* AppDelegate.swift in Sources */ = {isa = PBXBuildFile; fileRef = 3BA857622955FB7400847783 /* AppDelegate.swift */; };
		3BA857652955FB7400847783 /* SceneDelegate.swift in Sources */ = {isa = PBXBuildFile; fileRef = 3BA857642955FB7400847783 /* SceneDelegate.swift */; };
		3BA8576C2955FB7700847783 /* Assets.xcassets in Resources */ = {isa = PBXBuildFile; fileRef = 3BA8576B2955FB7700847783 /* Assets.xcassets */; };
		3BA8576F2955FB7700847783 /* LaunchScreen.storyboard in Resources */ = {isa = PBXBuildFile; fileRef = 3BA8576D2955FB7700847783 /* LaunchScreen.storyboard */; };
		3BA8577A2955FB7700847783 /* Coding_ChallengeTests.swift in Sources */ = {isa = PBXBuildFile; fileRef = 3BA857792955FB7700847783 /* Coding_ChallengeTests.swift */; };
		3BA857842955FB7700847783 /* Coding_ChallengeUITests.swift in Sources */ = {isa = PBXBuildFile; fileRef = 3BA857832955FB7700847783 /* Coding_ChallengeUITests.swift */; };
		3BA857862955FB7700847783 /* Coding_ChallengeUITestsLaunchTests.swift in Sources */ = {isa = PBXBuildFile; fileRef = 3BA857852955FB7700847783 /* Coding_ChallengeUITestsLaunchTests.swift */; };
		3BA8579429560AB000847783 /* Coordinator.swift in Sources */ = {isa = PBXBuildFile; fileRef = 3BA8579329560AB000847783 /* Coordinator.swift */; };
		3BA8579729560AE600847783 /* Router.swift in Sources */ = {isa = PBXBuildFile; fileRef = 3BA8579629560AE600847783 /* Router.swift */; };
		3BA8579929560B1100847783 /* AppTransition.swift in Sources */ = {isa = PBXBuildFile; fileRef = 3BA8579829560B1100847783 /* AppTransition.swift */; };
		3BA8579F29560C5600847783 /* LoginCoordinator.swift in Sources */ = {isa = PBXBuildFile; fileRef = 3BA8579E29560C5600847783 /* LoginCoordinator.swift */; };
		3BA857A129560D2000847783 /* App.swift in Sources */ = {isa = PBXBuildFile; fileRef = 3BA857A029560D2000847783 /* App.swift */; };
		3BA857A32956138F00847783 /* LoginView.swift in Sources */ = {isa = PBXBuildFile; fileRef = 3BA857A22956138F00847783 /* LoginView.swift */; };
		3BA857AA29561A6B00847783 /* APIManager.swift in Sources */ = {isa = PBXBuildFile; fileRef = 3BA857A929561A6B00847783 /* APIManager.swift */; };
		3BA857AD29561CE400847783 /* Failure.swift in Sources */ = {isa = PBXBuildFile; fileRef = 3BA857AC29561CE400847783 /* Failure.swift */; };
		3BA857B029562CE100847783 /* LoginViewModel.swift in Sources */ = {isa = PBXBuildFile; fileRef = 3BA857AF29562CE100847783 /* LoginViewModel.swift */; };
		3BA857B629565A3D00847783 /* AuthenticationModel.swift in Sources */ = {isa = PBXBuildFile; fileRef = 3BA857B529565A3D00847783 /* AuthenticationModel.swift */; };
		3BA857B829565BC500847783 /* APIManager+Login.swift in Sources */ = {isa = PBXBuildFile; fileRef = 3BA857B729565BC500847783 /* APIManager+Login.swift */; };
		3BA857BF2956CF0900847783 /* HomeCoordinator.swift in Sources */ = {isa = PBXBuildFile; fileRef = 3BA857BE2956CF0900847783 /* HomeCoordinator.swift */; };
		3BA857C729579D6400847783 /* HomeViewController.swift in Sources */ = {isa = PBXBuildFile; fileRef = 3BA857C529579D6400847783 /* HomeViewController.swift */; };
		3BA857C829579D6400847783 /* HomeViewController.xib in Resources */ = {isa = PBXBuildFile; fileRef = 3BA857C629579D6400847783 /* HomeViewController.xib */; };
		3BA857CB2957A07E00847783 /* HomeViewModel.swift in Sources */ = {isa = PBXBuildFile; fileRef = 3BA857CA2957A07E00847783 /* HomeViewModel.swift */; };
		3BA857CD2957B16800847783 /* APIManager+TVShow.swift in Sources */ = {isa = PBXBuildFile; fileRef = 3BA857CC2957B16800847783 /* APIManager+TVShow.swift */; };
		3BA857CF2957B47600847783 /* TVShow.swift in Sources */ = {isa = PBXBuildFile; fileRef = 3BA857CE2957B47600847783 /* TVShow.swift */; };
		3BA857D22957C9FF00847783 /* TVShowCellView.swift in Sources */ = {isa = PBXBuildFile; fileRef = 3BA857D12957C9FF00847783 /* TVShowCellView.swift */; };
		3BA857D62957D77400847783 /* ImageLoader.swift in Sources */ = {isa = PBXBuildFile; fileRef = 3BA857D52957D77400847783 /* ImageLoader.swift */; };
		3BA857D82957D7A800847783 /* CustomAsyncImage.swift in Sources */ = {isa = PBXBuildFile; fileRef = 3BA857D72957D7A800847783 /* CustomAsyncImage.swift */; };
		3BCA787B295A9EA000A376F4 /* Season.swift in Sources */ = {isa = PBXBuildFile; fileRef = 3BCA787A295A9EA000A376F4 /* Season.swift */; };
		3BCA787D295A9FB300A376F4 /* Creator.swift in Sources */ = {isa = PBXBuildFile; fileRef = 3BCA787C295A9FB300A376F4 /* Creator.swift */; };
		3BCA787F295AA0C000A376F4 /* Actor.swift in Sources */ = {isa = PBXBuildFile; fileRef = 3BCA787E295AA0C000A376F4 /* Actor.swift */; };
/* End PBXBuildFile section */

/* Begin PBXContainerItemProxy section */
		3BA857762955FB7700847783 /* PBXContainerItemProxy */ = {
			isa = PBXContainerItemProxy;
			containerPortal = 3BA857572955FB7400847783 /* Project object */;
			proxyType = 1;
			remoteGlobalIDString = 3BA8575E2955FB7400847783;
			remoteInfo = "Coding-Challenge";
		};
		3BA857802955FB7700847783 /* PBXContainerItemProxy */ = {
			isa = PBXContainerItemProxy;
			containerPortal = 3BA857572955FB7400847783 /* Project object */;
			proxyType = 1;
			remoteGlobalIDString = 3BA8575E2955FB7400847783;
			remoteInfo = "Coding-Challenge";
		};
/* End PBXContainerItemProxy section */

/* Begin PBXFileReference section */
		3BA7F5F3295996530099A448 /* ImageCache.swift */ = {isa = PBXFileReference; lastKnownFileType = sourcecode.swift; path = ImageCache.swift; sourceTree = "<group>"; };
		3BA7F5F9295A49AE0099A448 /* DetailCoordinator.swift */ = {isa = PBXFileReference; lastKnownFileType = sourcecode.swift; path = DetailCoordinator.swift; sourceTree = "<group>"; };
		3BA7F5FE295A4A6B0099A448 /* TVShowDetailView.swift */ = {isa = PBXFileReference; lastKnownFileType = sourcecode.swift; path = TVShowDetailView.swift; sourceTree = "<group>"; };
		3BA8575F2955FB7400847783 /* Coding-Challenge.app */ = {isa = PBXFileReference; explicitFileType = wrapper.application; includeInIndex = 0; path = "Coding-Challenge.app"; sourceTree = BUILT_PRODUCTS_DIR; };
		3BA857622955FB7400847783 /* AppDelegate.swift */ = {isa = PBXFileReference; lastKnownFileType = sourcecode.swift; path = AppDelegate.swift; sourceTree = "<group>"; };
		3BA857642955FB7400847783 /* SceneDelegate.swift */ = {isa = PBXFileReference; lastKnownFileType = sourcecode.swift; path = SceneDelegate.swift; sourceTree = "<group>"; };
		3BA8576B2955FB7700847783 /* Assets.xcassets */ = {isa = PBXFileReference; lastKnownFileType = folder.assetcatalog; path = Assets.xcassets; sourceTree = "<group>"; };
		3BA8576E2955FB7700847783 /* Base */ = {isa = PBXFileReference; lastKnownFileType = file.storyboard; name = Base; path = Base.lproj/LaunchScreen.storyboard; sourceTree = "<group>"; };
		3BA857702955FB7700847783 /* Info.plist */ = {isa = PBXFileReference; lastKnownFileType = text.plist.xml; path = Info.plist; sourceTree = "<group>"; };
		3BA857752955FB7700847783 /* Coding-ChallengeTests.xctest */ = {isa = PBXFileReference; explicitFileType = wrapper.cfbundle; includeInIndex = 0; path = "Coding-ChallengeTests.xctest"; sourceTree = BUILT_PRODUCTS_DIR; };
		3BA857792955FB7700847783 /* Coding_ChallengeTests.swift */ = {isa = PBXFileReference; lastKnownFileType = sourcecode.swift; path = Coding_ChallengeTests.swift; sourceTree = "<group>"; };
		3BA8577F2955FB7700847783 /* Coding-ChallengeUITests.xctest */ = {isa = PBXFileReference; explicitFileType = wrapper.cfbundle; includeInIndex = 0; path = "Coding-ChallengeUITests.xctest"; sourceTree = BUILT_PRODUCTS_DIR; };
		3BA857832955FB7700847783 /* Coding_ChallengeUITests.swift */ = {isa = PBXFileReference; lastKnownFileType = sourcecode.swift; path = Coding_ChallengeUITests.swift; sourceTree = "<group>"; };
		3BA857852955FB7700847783 /* Coding_ChallengeUITestsLaunchTests.swift */ = {isa = PBXFileReference; lastKnownFileType = sourcecode.swift; path = Coding_ChallengeUITestsLaunchTests.swift; sourceTree = "<group>"; };
		3BA8579329560AB000847783 /* Coordinator.swift */ = {isa = PBXFileReference; lastKnownFileType = sourcecode.swift; path = Coordinator.swift; sourceTree = "<group>"; };
		3BA8579629560AE600847783 /* Router.swift */ = {isa = PBXFileReference; lastKnownFileType = sourcecode.swift; path = Router.swift; sourceTree = "<group>"; };
		3BA8579829560B1100847783 /* AppTransition.swift */ = {isa = PBXFileReference; lastKnownFileType = sourcecode.swift; path = AppTransition.swift; sourceTree = "<group>"; };
		3BA8579E29560C5600847783 /* LoginCoordinator.swift */ = {isa = PBXFileReference; lastKnownFileType = sourcecode.swift; path = LoginCoordinator.swift; sourceTree = "<group>"; };
		3BA857A029560D2000847783 /* App.swift */ = {isa = PBXFileReference; lastKnownFileType = sourcecode.swift; path = App.swift; sourceTree = "<group>"; };
		3BA857A22956138F00847783 /* LoginView.swift */ = {isa = PBXFileReference; lastKnownFileType = sourcecode.swift; path = LoginView.swift; sourceTree = "<group>"; };
		3BA857A929561A6B00847783 /* APIManager.swift */ = {isa = PBXFileReference; lastKnownFileType = sourcecode.swift; path = APIManager.swift; sourceTree = "<group>"; };
		3BA857AC29561CE400847783 /* Failure.swift */ = {isa = PBXFileReference; lastKnownFileType = sourcecode.swift; path = Failure.swift; sourceTree = "<group>"; };
		3BA857AF29562CE100847783 /* LoginViewModel.swift */ = {isa = PBXFileReference; lastKnownFileType = sourcecode.swift; path = LoginViewModel.swift; sourceTree = "<group>"; };
		3BA857B529565A3D00847783 /* AuthenticationModel.swift */ = {isa = PBXFileReference; lastKnownFileType = sourcecode.swift; path = AuthenticationModel.swift; sourceTree = "<group>"; };
		3BA857B729565BC500847783 /* APIManager+Login.swift */ = {isa = PBXFileReference; lastKnownFileType = sourcecode.swift; path = "APIManager+Login.swift"; sourceTree = "<group>"; };
		3BA857BE2956CF0900847783 /* HomeCoordinator.swift */ = {isa = PBXFileReference; lastKnownFileType = sourcecode.swift; path = HomeCoordinator.swift; sourceTree = "<group>"; };
		3BA857C529579D6400847783 /* HomeViewController.swift */ = {isa = PBXFileReference; lastKnownFileType = sourcecode.swift; path = HomeViewController.swift; sourceTree = "<group>"; };
		3BA857C629579D6400847783 /* HomeViewController.xib */ = {isa = PBXFileReference; lastKnownFileType = file.xib; path = HomeViewController.xib; sourceTree = "<group>"; };
		3BA857CA2957A07E00847783 /* HomeViewModel.swift */ = {isa = PBXFileReference; lastKnownFileType = sourcecode.swift; path = HomeViewModel.swift; sourceTree = "<group>"; };
		3BA857CC2957B16800847783 /* APIManager+TVShow.swift */ = {isa = PBXFileReference; lastKnownFileType = sourcecode.swift; path = "APIManager+TVShow.swift"; sourceTree = "<group>"; };
		3BA857CE2957B47600847783 /* TVShow.swift */ = {isa = PBXFileReference; lastKnownFileType = sourcecode.swift; path = TVShow.swift; sourceTree = "<group>"; };
		3BA857D12957C9FF00847783 /* TVShowCellView.swift */ = {isa = PBXFileReference; lastKnownFileType = sourcecode.swift; path = TVShowCellView.swift; sourceTree = "<group>"; };
		3BA857D52957D77400847783 /* ImageLoader.swift */ = {isa = PBXFileReference; lastKnownFileType = sourcecode.swift; path = ImageLoader.swift; sourceTree = "<group>"; };
		3BA857D72957D7A800847783 /* CustomAsyncImage.swift */ = {isa = PBXFileReference; lastKnownFileType = sourcecode.swift; path = CustomAsyncImage.swift; sourceTree = "<group>"; };
		3BCA787A295A9EA000A376F4 /* Season.swift */ = {isa = PBXFileReference; lastKnownFileType = sourcecode.swift; path = Season.swift; sourceTree = "<group>"; };
		3BCA787C295A9FB300A376F4 /* Creator.swift */ = {isa = PBXFileReference; lastKnownFileType = sourcecode.swift; path = Creator.swift; sourceTree = "<group>"; };
		3BCA787E295AA0C000A376F4 /* Actor.swift */ = {isa = PBXFileReference; lastKnownFileType = sourcecode.swift; path = Actor.swift; sourceTree = "<group>"; };
/* End PBXFileReference section */

/* Begin PBXFrameworksBuildPhase section */
		3BA8575C2955FB7400847783 /* Frameworks */ = {
			isa = PBXFrameworksBuildPhase;
			buildActionMask = 2147483647;
			files = (
			);
			runOnlyForDeploymentPostprocessing = 0;
		};
		3BA857722955FB7700847783 /* Frameworks */ = {
			isa = PBXFrameworksBuildPhase;
			buildActionMask = 2147483647;
			files = (
			);
			runOnlyForDeploymentPostprocessing = 0;
		};
		3BA8577C2955FB7700847783 /* Frameworks */ = {
			isa = PBXFrameworksBuildPhase;
			buildActionMask = 2147483647;
			files = (
			);
			runOnlyForDeploymentPostprocessing = 0;
		};
/* End PBXFrameworksBuildPhase section */

/* Begin PBXGroup section */
		3BA7F5F8295A498D0099A448 /* DetailView */ = {
			isa = PBXGroup;
			children = (
				3BA7F5FB295A49B60099A448 /* View */,
				3BA7F5F9295A49AE0099A448 /* DetailCoordinator.swift */,
			);
			path = DetailView;
			sourceTree = "<group>";
		};
		3BA7F5FB295A49B60099A448 /* View */ = {
			isa = PBXGroup;
			children = (
				3BA7F5FE295A4A6B0099A448 /* TVShowDetailView.swift */,
			);
			path = View;
			sourceTree = "<group>";
		};
		3BA857562955FB7400847783 = {
			isa = PBXGroup;
			children = (
				3BA857612955FB7400847783 /* Coding-Challenge */,
				3BA857782955FB7700847783 /* Coding-ChallengeTests */,
				3BA857822955FB7700847783 /* Coding-ChallengeUITests */,
				3BA857602955FB7400847783 /* Products */,
			);
			sourceTree = "<group>";
		};
		3BA857602955FB7400847783 /* Products */ = {
			isa = PBXGroup;
			children = (
				3BA8575F2955FB7400847783 /* Coding-Challenge.app */,
				3BA857752955FB7700847783 /* Coding-ChallengeTests.xctest */,
				3BA8577F2955FB7700847783 /* Coding-ChallengeUITests.xctest */,
			);
			name = Products;
			sourceTree = "<group>";
		};
		3BA857612955FB7400847783 /* Coding-Challenge */ = {
			isa = PBXGroup;
			children = (
				3BA857D32957D74300847783 /* Helpers */,
				3BA857B329565A0900847783 /* Models */,
				3BA857A429561A0B00847783 /* Networking */,
				3BA8579229560A9900847783 /* Protocols */,
				3BA8579A29560BD700847783 /* Views */,
				3BA857622955FB7400847783 /* AppDelegate.swift */,
				3BA8579829560B1100847783 /* AppTransition.swift */,
				3BA857642955FB7400847783 /* SceneDelegate.swift */,
				3BA857A029560D2000847783 /* App.swift */,
				3BA8576B2955FB7700847783 /* Assets.xcassets */,
				3BA8576D2955FB7700847783 /* LaunchScreen.storyboard */,
				3BA857702955FB7700847783 /* Info.plist */,
			);
			path = "Coding-Challenge";
			sourceTree = "<group>";
		};
		3BA857782955FB7700847783 /* Coding-ChallengeTests */ = {
			isa = PBXGroup;
			children = (
				3BA857792955FB7700847783 /* Coding_ChallengeTests.swift */,
			);
			path = "Coding-ChallengeTests";
			sourceTree = "<group>";
		};
		3BA857822955FB7700847783 /* Coding-ChallengeUITests */ = {
			isa = PBXGroup;
			children = (
				3BA857832955FB7700847783 /* Coding_ChallengeUITests.swift */,
				3BA857852955FB7700847783 /* Coding_ChallengeUITestsLaunchTests.swift */,
			);
			path = "Coding-ChallengeUITests";
			sourceTree = "<group>";
		};
		3BA8579229560A9900847783 /* Protocols */ = {
			isa = PBXGroup;
			children = (
				3BA8579529560AD100847783 /* Routers */,
				3BA8579329560AB000847783 /* Coordinator.swift */,
			);
			path = Protocols;
			sourceTree = "<group>";
		};
		3BA8579529560AD100847783 /* Routers */ = {
			isa = PBXGroup;
			children = (
				3BA8579629560AE600847783 /* Router.swift */,
			);
			path = Routers;
			sourceTree = "<group>";
		};
		3BA8579A29560BD700847783 /* Views */ = {
			isa = PBXGroup;
			children = (
				3BA7F5F8295A498D0099A448 /* DetailView */,
				3BA857BD2956CEF500847783 /* HomeView */,
				3BA8579B29560BED00847783 /* LoginView */,
			);
			path = Views;
			sourceTree = "<group>";
		};
		3BA8579B29560BED00847783 /* LoginView */ = {
			isa = PBXGroup;
			children = (
				3BA857AE29562CCD00847783 /* ViewModel */,
				3BA8579C29560C3900847783 /* View */,
				3BA8579E29560C5600847783 /* LoginCoordinator.swift */,
			);
			path = LoginView;
			sourceTree = "<group>";
		};
		3BA8579C29560C3900847783 /* View */ = {
			isa = PBXGroup;
			children = (
				3BA857A22956138F00847783 /* LoginView.swift */,
			);
			path = View;
			sourceTree = "<group>";
		};
		3BA857A429561A0B00847783 /* Networking */ = {
			isa = PBXGroup;
			children = (
				3BA857AB29561CD200847783 /* Error */,
				3BA857A829561A5100847783 /* API */,
			);
			path = Networking;
			sourceTree = "<group>";
		};
		3BA857A829561A5100847783 /* API */ = {
			isa = PBXGroup;
			children = (
				3BA857A929561A6B00847783 /* APIManager.swift */,
				3BA857B729565BC500847783 /* APIManager+Login.swift */,
				3BA857CC2957B16800847783 /* APIManager+TVShow.swift */,
			);
			path = API;
			sourceTree = "<group>";
		};
		3BA857AB29561CD200847783 /* Error */ = {
			isa = PBXGroup;
			children = (
				3BA857AC29561CE400847783 /* Failure.swift */,
			);
			path = Error;
			sourceTree = "<group>";
		};
		3BA857AE29562CCD00847783 /* ViewModel */ = {
			isa = PBXGroup;
			children = (
				3BA857AF29562CE100847783 /* LoginViewModel.swift */,
			);
			path = ViewModel;
			sourceTree = "<group>";
		};
		3BA857B329565A0900847783 /* Models */ = {
			isa = PBXGroup;
			children = (
				3BA857B429565A1800847783 /* Authentication */,
				3BA857CE2957B47600847783 /* TVShow.swift */,
				3BCA787A295A9EA000A376F4 /* Season.swift */,
				3BCA787C295A9FB300A376F4 /* Creator.swift */,
				3BCA787E295AA0C000A376F4 /* Actor.swift */,
			);
			path = Models;
			sourceTree = "<group>";
		};
		3BA857B429565A1800847783 /* Authentication */ = {
			isa = PBXGroup;
			children = (
				3BA857B529565A3D00847783 /* AuthenticationModel.swift */,
			);
			path = Authentication;
			sourceTree = "<group>";
		};
		3BA857BD2956CEF500847783 /* HomeView */ = {
			isa = PBXGroup;
			children = (
				3BA857C92957A06C00847783 /* ViewModel */,
				3BA857C02956CF0F00847783 /* View */,
				3BA857BE2956CF0900847783 /* HomeCoordinator.swift */,
			);
			path = HomeView;
			sourceTree = "<group>";
		};
		3BA857C02956CF0F00847783 /* View */ = {
			isa = PBXGroup;
			children = (
				3BA857D02957C9CC00847783 /* Cells */,
				3BA857C529579D6400847783 /* HomeViewController.swift */,
				3BA857C629579D6400847783 /* HomeViewController.xib */,
			);
			path = View;
			sourceTree = "<group>";
		};
		3BA857C92957A06C00847783 /* ViewModel */ = {
			isa = PBXGroup;
			children = (
				3BA857CA2957A07E00847783 /* HomeViewModel.swift */,
			);
			path = ViewModel;
			sourceTree = "<group>";
		};
		3BA857D02957C9CC00847783 /* Cells */ = {
			isa = PBXGroup;
			children = (
				3BA857D12957C9FF00847783 /* TVShowCellView.swift */,
			);
			path = Cells;
			sourceTree = "<group>";
		};
		3BA857D32957D74300847783 /* Helpers */ = {
			isa = PBXGroup;
			children = (
				3BA857D42957D75100847783 /* AsyncImage */,
			);
			path = Helpers;
			sourceTree = "<group>";
		};
		3BA857D42957D75100847783 /* AsyncImage */ = {
			isa = PBXGroup;
			children = (
				3BA857D52957D77400847783 /* ImageLoader.swift */,
				3BA857D72957D7A800847783 /* CustomAsyncImage.swift */,
				3BA7F5F3295996530099A448 /* ImageCache.swift */,
			);
			path = AsyncImage;
			sourceTree = "<group>";
		};
/* End PBXGroup section */

/* Begin PBXNativeTarget section */
		3BA8575E2955FB7400847783 /* Coding-Challenge */ = {
			isa = PBXNativeTarget;
			buildConfigurationList = 3BA857892955FB7700847783 /* Build configuration list for PBXNativeTarget "Coding-Challenge" */;
			buildPhases = (
				3BA8575B2955FB7400847783 /* Sources */,
				3BA8575C2955FB7400847783 /* Frameworks */,
				3BA8575D2955FB7400847783 /* Resources */,
			);
			buildRules = (
			);
			dependencies = (
			);
			name = "Coding-Challenge";
			productName = "Coding-Challenge";
			productReference = 3BA8575F2955FB7400847783 /* Coding-Challenge.app */;
			productType = "com.apple.product-type.application";
		};
		3BA857742955FB7700847783 /* Coding-ChallengeTests */ = {
			isa = PBXNativeTarget;
			buildConfigurationList = 3BA8578C2955FB7700847783 /* Build configuration list for PBXNativeTarget "Coding-ChallengeTests" */;
			buildPhases = (
				3BA857712955FB7700847783 /* Sources */,
				3BA857722955FB7700847783 /* Frameworks */,
				3BA857732955FB7700847783 /* Resources */,
			);
			buildRules = (
			);
			dependencies = (
				3BA857772955FB7700847783 /* PBXTargetDependency */,
			);
			name = "Coding-ChallengeTests";
			productName = "Coding-ChallengeTests";
			productReference = 3BA857752955FB7700847783 /* Coding-ChallengeTests.xctest */;
			productType = "com.apple.product-type.bundle.unit-test";
		};
		3BA8577E2955FB7700847783 /* Coding-ChallengeUITests */ = {
			isa = PBXNativeTarget;
			buildConfigurationList = 3BA8578F2955FB7700847783 /* Build configuration list for PBXNativeTarget "Coding-ChallengeUITests" */;
			buildPhases = (
				3BA8577B2955FB7700847783 /* Sources */,
				3BA8577C2955FB7700847783 /* Frameworks */,
				3BA8577D2955FB7700847783 /* Resources */,
			);
			buildRules = (
			);
			dependencies = (
				3BA857812955FB7700847783 /* PBXTargetDependency */,
			);
			name = "Coding-ChallengeUITests";
			productName = "Coding-ChallengeUITests";
			productReference = 3BA8577F2955FB7700847783 /* Coding-ChallengeUITests.xctest */;
			productType = "com.apple.product-type.bundle.ui-testing";
		};
/* End PBXNativeTarget section */

/* Begin PBXProject section */
		3BA857572955FB7400847783 /* Project object */ = {
			isa = PBXProject;
			attributes = {
				BuildIndependentTargetsInParallel = 1;
				LastSwiftUpdateCheck = 1400;
				LastUpgradeCheck = 1400;
				TargetAttributes = {
					3BA8575E2955FB7400847783 = {
						CreatedOnToolsVersion = 14.0;
					};
					3BA857742955FB7700847783 = {
						CreatedOnToolsVersion = 14.0;
						TestTargetID = 3BA8575E2955FB7400847783;
					};
					3BA8577E2955FB7700847783 = {
						CreatedOnToolsVersion = 14.0;
						TestTargetID = 3BA8575E2955FB7400847783;
					};
				};
			};
			buildConfigurationList = 3BA8575A2955FB7400847783 /* Build configuration list for PBXProject "Coding-Challenge" */;
			compatibilityVersion = "Xcode 14.0";
			developmentRegion = en;
			hasScannedForEncodings = 0;
			knownRegions = (
				en,
				Base,
			);
			mainGroup = 3BA857562955FB7400847783;
			productRefGroup = 3BA857602955FB7400847783 /* Products */;
			projectDirPath = "";
			projectRoot = "";
			targets = (
				3BA8575E2955FB7400847783 /* Coding-Challenge */,
				3BA857742955FB7700847783 /* Coding-ChallengeTests */,
				3BA8577E2955FB7700847783 /* Coding-ChallengeUITests */,
			);
		};
/* End PBXProject section */

/* Begin PBXResourcesBuildPhase section */
		3BA8575D2955FB7400847783 /* Resources */ = {
			isa = PBXResourcesBuildPhase;
			buildActionMask = 2147483647;
			files = (
				3BA8576F2955FB7700847783 /* LaunchScreen.storyboard in Resources */,
				3BA8576C2955FB7700847783 /* Assets.xcassets in Resources */,
				3BA857C829579D6400847783 /* HomeViewController.xib in Resources */,
			);
			runOnlyForDeploymentPostprocessing = 0;
		};
		3BA857732955FB7700847783 /* Resources */ = {
			isa = PBXResourcesBuildPhase;
			buildActionMask = 2147483647;
			files = (
			);
			runOnlyForDeploymentPostprocessing = 0;
		};
		3BA8577D2955FB7700847783 /* Resources */ = {
			isa = PBXResourcesBuildPhase;
			buildActionMask = 2147483647;
			files = (
			);
			runOnlyForDeploymentPostprocessing = 0;
		};
/* End PBXResourcesBuildPhase section */

/* Begin PBXSourcesBuildPhase section */
		3BA8575B2955FB7400847783 /* Sources */ = {
			isa = PBXSourcesBuildPhase;
			buildActionMask = 2147483647;
			files = (
				3BA7F5F4295996530099A448 /* ImageCache.swift in Sources */,
				3BA857AD29561CE400847783 /* Failure.swift in Sources */,
				3BA857B829565BC500847783 /* APIManager+Login.swift in Sources */,
				3BA857D62957D77400847783 /* ImageLoader.swift in Sources */,
				3BA8579F29560C5600847783 /* LoginCoordinator.swift in Sources */,
				3BA857CB2957A07E00847783 /* HomeViewModel.swift in Sources */,
				3BCA787D295A9FB300A376F4 /* Creator.swift in Sources */,
				3BA857CF2957B47600847783 /* TVShow.swift in Sources */,
				3BA857B029562CE100847783 /* LoginViewModel.swift in Sources */,
				3BA857AA29561A6B00847783 /* APIManager.swift in Sources */,
				3BA857C729579D6400847783 /* HomeViewController.swift in Sources */,
				3BA857CD2957B16800847783 /* APIManager+TVShow.swift in Sources */,
				3BA857BF2956CF0900847783 /* HomeCoordinator.swift in Sources */,
				3BA8579729560AE600847783 /* Router.swift in Sources */,
				3BA7F5FA295A49AE0099A448 /* DetailCoordinator.swift in Sources */,
				3BCA787F295AA0C000A376F4 /* Actor.swift in Sources */,
				3BA857632955FB7400847783 /* AppDelegate.swift in Sources */,
				3BA857D22957C9FF00847783 /* TVShowCellView.swift in Sources */,
				3BA8579929560B1100847783 /* AppTransition.swift in Sources */,
				3BCA787B295A9EA000A376F4 /* Season.swift in Sources */,
				3BA857D82957D7A800847783 /* CustomAsyncImage.swift in Sources */,
				3BA7F5FF295A4A6B0099A448 /* TVShowDetailView.swift in Sources */,
				3BA857652955FB7400847783 /* SceneDelegate.swift in Sources */,
				3BA857A129560D2000847783 /* App.swift in Sources */,
				3BA857B629565A3D00847783 /* AuthenticationModel.swift in Sources */,
				3BA857A32956138F00847783 /* LoginView.swift in Sources */,
				3BA8579429560AB000847783 /* Coordinator.swift in Sources */,
			);
			runOnlyForDeploymentPostprocessing = 0;
		};
		3BA857712955FB7700847783 /* Sources */ = {
			isa = PBXSourcesBuildPhase;
			buildActionMask = 2147483647;
			files = (
				3BA8577A2955FB7700847783 /* Coding_ChallengeTests.swift in Sources */,
			);
			runOnlyForDeploymentPostprocessing = 0;
		};
		3BA8577B2955FB7700847783 /* Sources */ = {
			isa = PBXSourcesBuildPhase;
			buildActionMask = 2147483647;
			files = (
				3BA857862955FB7700847783 /* Coding_ChallengeUITestsLaunchTests.swift in Sources */,
				3BA857842955FB7700847783 /* Coding_ChallengeUITests.swift in Sources */,
			);
			runOnlyForDeploymentPostprocessing = 0;
		};
/* End PBXSourcesBuildPhase section */

/* Begin PBXTargetDependency section */
		3BA857772955FB7700847783 /* PBXTargetDependency */ = {
			isa = PBXTargetDependency;
			target = 3BA8575E2955FB7400847783 /* Coding-Challenge */;
			targetProxy = 3BA857762955FB7700847783 /* PBXContainerItemProxy */;
		};
		3BA857812955FB7700847783 /* PBXTargetDependency */ = {
			isa = PBXTargetDependency;
			target = 3BA8575E2955FB7400847783 /* Coding-Challenge */;
			targetProxy = 3BA857802955FB7700847783 /* PBXContainerItemProxy */;
		};
/* End PBXTargetDependency section */

/* Begin PBXVariantGroup section */
		3BA8576D2955FB7700847783 /* LaunchScreen.storyboard */ = {
			isa = PBXVariantGroup;
			children = (
				3BA8576E2955FB7700847783 /* Base */,
			);
			name = LaunchScreen.storyboard;
			sourceTree = "<group>";
		};
/* End PBXVariantGroup section */

/* Begin XCBuildConfiguration section */
		3BA857872955FB7700847783 /* Debug */ = {
			isa = XCBuildConfiguration;
			buildSettings = {
				ALWAYS_SEARCH_USER_PATHS = NO;
				CLANG_ANALYZER_NONNULL = YES;
				CLANG_ANALYZER_NUMBER_OBJECT_CONVERSION = YES_AGGRESSIVE;
				CLANG_CXX_LANGUAGE_STANDARD = "gnu++20";
				CLANG_ENABLE_MODULES = YES;
				CLANG_ENABLE_OBJC_ARC = YES;
				CLANG_ENABLE_OBJC_WEAK = YES;
				CLANG_WARN_BLOCK_CAPTURE_AUTORELEASING = YES;
				CLANG_WARN_BOOL_CONVERSION = YES;
				CLANG_WARN_COMMA = YES;
				CLANG_WARN_CONSTANT_CONVERSION = YES;
				CLANG_WARN_DEPRECATED_OBJC_IMPLEMENTATIONS = YES;
				CLANG_WARN_DIRECT_OBJC_ISA_USAGE = YES_ERROR;
				CLANG_WARN_DOCUMENTATION_COMMENTS = YES;
				CLANG_WARN_EMPTY_BODY = YES;
				CLANG_WARN_ENUM_CONVERSION = YES;
				CLANG_WARN_INFINITE_RECURSION = YES;
				CLANG_WARN_INT_CONVERSION = YES;
				CLANG_WARN_NON_LITERAL_NULL_CONVERSION = YES;
				CLANG_WARN_OBJC_IMPLICIT_RETAIN_SELF = YES;
				CLANG_WARN_OBJC_LITERAL_CONVERSION = YES;
				CLANG_WARN_OBJC_ROOT_CLASS = YES_ERROR;
				CLANG_WARN_QUOTED_INCLUDE_IN_FRAMEWORK_HEADER = YES;
				CLANG_WARN_RANGE_LOOP_ANALYSIS = YES;
				CLANG_WARN_STRICT_PROTOTYPES = YES;
				CLANG_WARN_SUSPICIOUS_MOVE = YES;
				CLANG_WARN_UNGUARDED_AVAILABILITY = YES_AGGRESSIVE;
				CLANG_WARN_UNREACHABLE_CODE = YES;
				CLANG_WARN__DUPLICATE_METHOD_MATCH = YES;
				COPY_PHASE_STRIP = NO;
				DEBUG_INFORMATION_FORMAT = dwarf;
				ENABLE_STRICT_OBJC_MSGSEND = YES;
				ENABLE_TESTABILITY = YES;
				GCC_C_LANGUAGE_STANDARD = gnu11;
				GCC_DYNAMIC_NO_PIC = NO;
				GCC_NO_COMMON_BLOCKS = YES;
				GCC_OPTIMIZATION_LEVEL = 0;
				GCC_PREPROCESSOR_DEFINITIONS = (
					"DEBUG=1",
					"$(inherited)",
				);
				GCC_WARN_64_TO_32_BIT_CONVERSION = YES;
				GCC_WARN_ABOUT_RETURN_TYPE = YES_ERROR;
				GCC_WARN_UNDECLARED_SELECTOR = YES;
				GCC_WARN_UNINITIALIZED_AUTOS = YES_AGGRESSIVE;
				GCC_WARN_UNUSED_FUNCTION = YES;
				GCC_WARN_UNUSED_VARIABLE = YES;
				IPHONEOS_DEPLOYMENT_TARGET = 14.0;
				MTL_ENABLE_DEBUG_INFO = INCLUDE_SOURCE;
				MTL_FAST_MATH = YES;
				ONLY_ACTIVE_ARCH = YES;
				SDKROOT = iphoneos;
				SWIFT_ACTIVE_COMPILATION_CONDITIONS = DEBUG;
				SWIFT_OPTIMIZATION_LEVEL = "-Onone";
			};
			name = Debug;
		};
		3BA857882955FB7700847783 /* Release */ = {
			isa = XCBuildConfiguration;
			buildSettings = {
				ALWAYS_SEARCH_USER_PATHS = NO;
				CLANG_ANALYZER_NONNULL = YES;
				CLANG_ANALYZER_NUMBER_OBJECT_CONVERSION = YES_AGGRESSIVE;
				CLANG_CXX_LANGUAGE_STANDARD = "gnu++20";
				CLANG_ENABLE_MODULES = YES;
				CLANG_ENABLE_OBJC_ARC = YES;
				CLANG_ENABLE_OBJC_WEAK = YES;
				CLANG_WARN_BLOCK_CAPTURE_AUTORELEASING = YES;
				CLANG_WARN_BOOL_CONVERSION = YES;
				CLANG_WARN_COMMA = YES;
				CLANG_WARN_CONSTANT_CONVERSION = YES;
				CLANG_WARN_DEPRECATED_OBJC_IMPLEMENTATIONS = YES;
				CLANG_WARN_DIRECT_OBJC_ISA_USAGE = YES_ERROR;
				CLANG_WARN_DOCUMENTATION_COMMENTS = YES;
				CLANG_WARN_EMPTY_BODY = YES;
				CLANG_WARN_ENUM_CONVERSION = YES;
				CLANG_WARN_INFINITE_RECURSION = YES;
				CLANG_WARN_INT_CONVERSION = YES;
				CLANG_WARN_NON_LITERAL_NULL_CONVERSION = YES;
				CLANG_WARN_OBJC_IMPLICIT_RETAIN_SELF = YES;
				CLANG_WARN_OBJC_LITERAL_CONVERSION = YES;
				CLANG_WARN_OBJC_ROOT_CLASS = YES_ERROR;
				CLANG_WARN_QUOTED_INCLUDE_IN_FRAMEWORK_HEADER = YES;
				CLANG_WARN_RANGE_LOOP_ANALYSIS = YES;
				CLANG_WARN_STRICT_PROTOTYPES = YES;
				CLANG_WARN_SUSPICIOUS_MOVE = YES;
				CLANG_WARN_UNGUARDED_AVAILABILITY = YES_AGGRESSIVE;
				CLANG_WARN_UNREACHABLE_CODE = YES;
				CLANG_WARN__DUPLICATE_METHOD_MATCH = YES;
				COPY_PHASE_STRIP = NO;
				DEBUG_INFORMATION_FORMAT = "dwarf-with-dsym";
				ENABLE_NS_ASSERTIONS = NO;
				ENABLE_STRICT_OBJC_MSGSEND = YES;
				GCC_C_LANGUAGE_STANDARD = gnu11;
				GCC_NO_COMMON_BLOCKS = YES;
				GCC_WARN_64_TO_32_BIT_CONVERSION = YES;
				GCC_WARN_ABOUT_RETURN_TYPE = YES_ERROR;
				GCC_WARN_UNDECLARED_SELECTOR = YES;
				GCC_WARN_UNINITIALIZED_AUTOS = YES_AGGRESSIVE;
				GCC_WARN_UNUSED_FUNCTION = YES;
				GCC_WARN_UNUSED_VARIABLE = YES;
				IPHONEOS_DEPLOYMENT_TARGET = 14.0;
				MTL_ENABLE_DEBUG_INFO = NO;
				MTL_FAST_MATH = YES;
				SDKROOT = iphoneos;
				SWIFT_COMPILATION_MODE = wholemodule;
				SWIFT_OPTIMIZATION_LEVEL = "-O";
				VALIDATE_PRODUCT = YES;
			};
			name = Release;
		};
		3BA8578A2955FB7700847783 /* Debug */ = {
			isa = XCBuildConfiguration;
			buildSettings = {
				ASSETCATALOG_COMPILER_APPICON_NAME = AppIcon;
				ASSETCATALOG_COMPILER_GLOBAL_ACCENT_COLOR_NAME = AccentColor;
				CODE_SIGN_STYLE = Automatic;
				CURRENT_PROJECT_VERSION = 1;
				DEVELOPMENT_TEAM = 63T99KDUV2;
				GENERATE_INFOPLIST_FILE = YES;
				INFOPLIST_FILE = "Coding-Challenge/Info.plist";
				INFOPLIST_KEY_UIApplicationSupportsIndirectInputEvents = YES;
				INFOPLIST_KEY_UILaunchStoryboardName = LaunchScreen;
				INFOPLIST_KEY_UISupportedInterfaceOrientations_iPad = "UIInterfaceOrientationPortrait UIInterfaceOrientationPortraitUpsideDown UIInterfaceOrientationLandscapeLeft UIInterfaceOrientationLandscapeRight";
				INFOPLIST_KEY_UISupportedInterfaceOrientations_iPhone = "UIInterfaceOrientationPortrait UIInterfaceOrientationLandscapeLeft UIInterfaceOrientationLandscapeRight";
				IPHONEOS_DEPLOYMENT_TARGET = 14.0;
				LD_RUNPATH_SEARCH_PATHS = (
					"$(inherited)",
					"@executable_path/Frameworks",
				);
				MARKETING_VERSION = 1.0;
				PRODUCT_BUNDLE_IDENTIFIER = "Coding-Challenge.Coding-ChallengeApplaudo.Coding-Challenge";
				PRODUCT_NAME = "$(TARGET_NAME)";
				SWIFT_EMIT_LOC_STRINGS = YES;
				SWIFT_VERSION = 5.0;
				TARGETED_DEVICE_FAMILY = "1,2";
			};
			name = Debug;
		};
		3BA8578B2955FB7700847783 /* Release */ = {
			isa = XCBuildConfiguration;
			buildSettings = {
				ASSETCATALOG_COMPILER_APPICON_NAME = AppIcon;
				ASSETCATALOG_COMPILER_GLOBAL_ACCENT_COLOR_NAME = AccentColor;
				CODE_SIGN_STYLE = Automatic;
				CURRENT_PROJECT_VERSION = 1;
				DEVELOPMENT_TEAM = 63T99KDUV2;
				GENERATE_INFOPLIST_FILE = YES;
				INFOPLIST_FILE = "Coding-Challenge/Info.plist";
				INFOPLIST_KEY_UIApplicationSupportsIndirectInputEvents = YES;
				INFOPLIST_KEY_UILaunchStoryboardName = LaunchScreen;
				INFOPLIST_KEY_UISupportedInterfaceOrientations_iPad = "UIInterfaceOrientationPortrait UIInterfaceOrientationPortraitUpsideDown UIInterfaceOrientationLandscapeLeft UIInterfaceOrientationLandscapeRight";
				INFOPLIST_KEY_UISupportedInterfaceOrientations_iPhone = "UIInterfaceOrientationPortrait UIInterfaceOrientationLandscapeLeft UIInterfaceOrientationLandscapeRight";
				IPHONEOS_DEPLOYMENT_TARGET = 14.0;
				LD_RUNPATH_SEARCH_PATHS = (
					"$(inherited)",
					"@executable_path/Frameworks",
				);
				MARKETING_VERSION = 1.0;
				PRODUCT_BUNDLE_IDENTIFIER = "Coding-Challenge.Coding-ChallengeApplaudo.Coding-Challenge";
				PRODUCT_NAME = "$(TARGET_NAME)";
				SWIFT_EMIT_LOC_STRINGS = YES;
				SWIFT_VERSION = 5.0;
				TARGETED_DEVICE_FAMILY = "1,2";
			};
			name = Release;
		};
		3BA8578D2955FB7700847783 /* Debug */ = {
			isa = XCBuildConfiguration;
			buildSettings = {
				ALWAYS_EMBED_SWIFT_STANDARD_LIBRARIES = YES;
				BUNDLE_LOADER = "$(TEST_HOST)";
				CODE_SIGN_STYLE = Automatic;
				CURRENT_PROJECT_VERSION = 1;
				DEVELOPMENT_TEAM = 63T99KDUV2;
				GENERATE_INFOPLIST_FILE = YES;
				IPHONEOS_DEPLOYMENT_TARGET = 16.0;
				MARKETING_VERSION = 1.0;
				PRODUCT_BUNDLE_IDENTIFIER = "Coding-Challenge.Coding-ChallengeApplaudo.Coding-ChallengeTests";
				PRODUCT_NAME = "$(TARGET_NAME)";
				SWIFT_EMIT_LOC_STRINGS = NO;
				SWIFT_VERSION = 5.0;
				TARGETED_DEVICE_FAMILY = "1,2";
				TEST_HOST = "$(BUILT_PRODUCTS_DIR)/Coding-Challenge.app/$(BUNDLE_EXECUTABLE_FOLDER_PATH)/Coding-Challenge";
			};
			name = Debug;
		};
		3BA8578E2955FB7700847783 /* Release */ = {
			isa = XCBuildConfiguration;
			buildSettings = {
				ALWAYS_EMBED_SWIFT_STANDARD_LIBRARIES = YES;
				BUNDLE_LOADER = "$(TEST_HOST)";
				CODE_SIGN_STYLE = Automatic;
				CURRENT_PROJECT_VERSION = 1;
				DEVELOPMENT_TEAM = 63T99KDUV2;
				GENERATE_INFOPLIST_FILE = YES;
				IPHONEOS_DEPLOYMENT_TARGET = 16.0;
				MARKETING_VERSION = 1.0;
				PRODUCT_BUNDLE_IDENTIFIER = "Coding-Challenge.Coding-ChallengeApplaudo.Coding-ChallengeTests";
				PRODUCT_NAME = "$(TARGET_NAME)";
				SWIFT_EMIT_LOC_STRINGS = NO;
				SWIFT_VERSION = 5.0;
				TARGETED_DEVICE_FAMILY = "1,2";
				TEST_HOST = "$(BUILT_PRODUCTS_DIR)/Coding-Challenge.app/$(BUNDLE_EXECUTABLE_FOLDER_PATH)/Coding-Challenge";
			};
			name = Release;
		};
		3BA857902955FB7700847783 /* Debug */ = {
			isa = XCBuildConfiguration;
			buildSettings = {
				ALWAYS_EMBED_SWIFT_STANDARD_LIBRARIES = YES;
				CODE_SIGN_STYLE = Automatic;
				CURRENT_PROJECT_VERSION = 1;
				DEVELOPMENT_TEAM = 63T99KDUV2;
				GENERATE_INFOPLIST_FILE = YES;
				MARKETING_VERSION = 1.0;
				PRODUCT_BUNDLE_IDENTIFIER = "Coding-Challenge.Coding-ChallengeApplaudo.Coding-ChallengeUITests";
				PRODUCT_NAME = "$(TARGET_NAME)";
				SWIFT_EMIT_LOC_STRINGS = NO;
				SWIFT_VERSION = 5.0;
				TARGETED_DEVICE_FAMILY = "1,2";
				TEST_TARGET_NAME = "Coding-Challenge";
			};
			name = Debug;
		};
		3BA857912955FB7700847783 /* Release */ = {
			isa = XCBuildConfiguration;
			buildSettings = {
				ALWAYS_EMBED_SWIFT_STANDARD_LIBRARIES = YES;
				CODE_SIGN_STYLE = Automatic;
				CURRENT_PROJECT_VERSION = 1;
				DEVELOPMENT_TEAM = 63T99KDUV2;
				GENERATE_INFOPLIST_FILE = YES;
				MARKETING_VERSION = 1.0;
				PRODUCT_BUNDLE_IDENTIFIER = "Coding-Challenge.Coding-ChallengeApplaudo.Coding-ChallengeUITests";
				PRODUCT_NAME = "$(TARGET_NAME)";
				SWIFT_EMIT_LOC_STRINGS = NO;
				SWIFT_VERSION = 5.0;
				TARGETED_DEVICE_FAMILY = "1,2";
				TEST_TARGET_NAME = "Coding-Challenge";
			};
			name = Release;
		};
/* End XCBuildConfiguration section */

/* Begin XCConfigurationList section */
		3BA8575A2955FB7400847783 /* Build configuration list for PBXProject "Coding-Challenge" */ = {
			isa = XCConfigurationList;
			buildConfigurations = (
				3BA857872955FB7700847783 /* Debug */,
				3BA857882955FB7700847783 /* Release */,
			);
			defaultConfigurationIsVisible = 0;
			defaultConfigurationName = Release;
		};
		3BA857892955FB7700847783 /* Build configuration list for PBXNativeTarget "Coding-Challenge" */ = {
			isa = XCConfigurationList;
			buildConfigurations = (
				3BA8578A2955FB7700847783 /* Debug */,
				3BA8578B2955FB7700847783 /* Release */,
			);
			defaultConfigurationIsVisible = 0;
			defaultConfigurationName = Release;
		};
		3BA8578C2955FB7700847783 /* Build configuration list for PBXNativeTarget "Coding-ChallengeTests" */ = {
			isa = XCConfigurationList;
			buildConfigurations = (
				3BA8578D2955FB7700847783 /* Debug */,
				3BA8578E2955FB7700847783 /* Release */,
			);
			defaultConfigurationIsVisible = 0;
			defaultConfigurationName = Release;
		};
		3BA8578F2955FB7700847783 /* Build configuration list for PBXNativeTarget "Coding-ChallengeUITests" */ = {
			isa = XCConfigurationList;
			buildConfigurations = (
				3BA857902955FB7700847783 /* Debug */,
				3BA857912955FB7700847783 /* Release */,
			);
			defaultConfigurationIsVisible = 0;
			defaultConfigurationName = Release;
		};
/* End XCConfigurationList section */
	};
	rootObject = 3BA857572955FB7400847783 /* Project object */;
}
